
Microsoft Visual Studio Solution File, Format Version 12.00
# Visual Studio Version 16
VisualStudioVersion = 16.0.30413.136
MinimumVisualStudioVersion = 10.0.40219.1
Project("{FAE04EC0-301F-11D3-BF4B-00C04F79EFBC}") = "Ej8_Media", "Ej8_Media\Ej8_Media.csproj", "{5E3C7CA2-1DB9-49CE-9B7A-19C0BD28F60E}"
EndProject
Global
	GlobalSection(SolutionConfigurationPlatforms) = preSolution
		Debug|Any CPU = Debug|Any CPU
		Release|Any CPU = Release|Any CPU
	EndGlobalSection
	GlobalSection(ProjectConfigurationPlatforms) = postSolution
		{5E3C7CA2-1DB9-49CE-9B7A-19C0BD28F60E}.Debug|Any CPU.ActiveCfg = Debug|Any CPU
		{5E3C7CA2-1DB9-49CE-9B7A-19C0BD28F60E}.Debug|Any CPU.Build.0 = Debug|Any CPU
		{5E3C7CA2-1DB9-49CE-9B7A-19C0BD28F60E}.Release|Any CPU.ActiveCfg = Release|Any CPU
		{5E3C7CA2-1DB9-49CE-9B7A-19C0BD28F60E}.Release|Any CPU.Build.0 = Release|Any CPU
	EndGlobalSection
	GlobalSection(SolutionProperties) = preSolution
		HideSolutionNode = FALSE
	EndGlobalSection
	GlobalSection(ExtensibilityGlobals) = postSolution
		SolutionGuid = {11B21896-6880-4B29-B1FF-EDA007F74F4F}
	EndGlobalSection
EndGlobal
